// !$*UTF8*$!
{
	archiveVersion = 1;
	classes = {
	};
	objectVersion = 50;
	objects = {

/* Begin PBXBuildFile section */
		507EB5E1250563A700C8F724 /* AppDelegate.swift in Sources */ = {isa = PBXBuildFile; fileRef = 507EB5E0250563A700C8F724 /* AppDelegate.swift */; };
		507EB5E3250563A700C8F724 /* SceneDelegate.swift in Sources */ = {isa = PBXBuildFile; fileRef = 507EB5E2250563A700C8F724 /* SceneDelegate.swift */; };
		507EB5E5250563A700C8F724 /* ContentView.swift in Sources */ = {isa = PBXBuildFile; fileRef = 507EB5E4250563A700C8F724 /* ContentView.swift */; };
		507EB5E7250563AB00C8F724 /* Assets.xcassets in Resources */ = {isa = PBXBuildFile; fileRef = 507EB5E6250563AB00C8F724 /* Assets.xcassets */; };
		507EB5EA250563AB00C8F724 /* Preview Assets.xcassets in Resources */ = {isa = PBXBuildFile; fileRef = 507EB5E9250563AB00C8F724 /* Preview Assets.xcassets */; };
		507EB5ED250563AB00C8F724 /* LaunchScreen.storyboard in Resources */ = {isa = PBXBuildFile; fileRef = 507EB5EB250563AB00C8F724 /* LaunchScreen.storyboard */; };
		507EB5F8250563AB00C8F724 /* MemorizeTests.swift in Sources */ = {isa = PBXBuildFile; fileRef = 507EB5F7250563AB00C8F724 /* MemorizeTests.swift */; };
		507EB603250563AB00C8F724 /* MemorizeUITests.swift in Sources */ = {isa = PBXBuildFile; fileRef = 507EB602250563AB00C8F724 /* MemorizeUITests.swift */; };
/* End PBXBuildFile section */

/* Begin PBXContainerItemProxy section */
		507EB5F4250563AB00C8F724 /* PBXContainerItemProxy */ = {
			isa = PBXContainerItemProxy;
			containerPortal = 507EB5D5250563A700C8F724 /* Project object */;
			proxyType = 1;
			remoteGlobalIDString = 507EB5DC250563A700C8F724;
			remoteInfo = Memorize;
		};
		507EB5FF250563AB00C8F724 /* PBXContainerItemProxy */ = {
			isa = PBXContainerItemProxy;
			containerPortal = 507EB5D5250563A700C8F724 /* Project object */;
			proxyType = 1;
			remoteGlobalIDString = 507EB5DC250563A700C8F724;
			remoteInfo = Memorize;
		};
/* End PBXContainerItemProxy section */

/* Begin PBXFileReference section */
		507EB5DD250563A700C8F724 /* Memorize.app */ = {isa = PBXFileReference; explicitFileType = wrapper.application; includeInIndex = 0; path = Memorize.app; sourceTree = BUILT_PRODUCTS_DIR; };
		507EB5E0250563A700C8F724 /* AppDelegate.swift */ = {isa = PBXFileReference; lastKnownFileType = sourcecode.swift; path = AppDelegate.swift; sourceTree = "<group>"; };
		507EB5E2250563A700C8F724 /* SceneDelegate.swift */ = {isa = PBXFileReference; lastKnownFileType = sourcecode.swift; path = SceneDelegate.swift; sourceTree = "<group>"; };
		507EB5E4250563A700C8F724 /* ContentView.swift */ = {isa = PBXFileReference; lastKnownFileType = sourcecode.swift; path = ContentView.swift; sourceTree = "<group>"; };
		507EB5E6250563AB00C8F724 /* Assets.xcassets */ = {isa = PBXFileReference; lastKnownFileType = folder.assetcatalog; path = Assets.xcassets; sourceTree = "<group>"; };
		507EB5E9250563AB00C8F724 /* Preview Assets.xcassets */ = {isa = PBXFileReference; lastKnownFileType = folder.assetcatalog; path = "Preview Assets.xcassets"; sourceTree = "<group>"; };
		507EB5EC250563AB00C8F724 /* Base */ = {isa = PBXFileReference; lastKnownFileType = file.storyboard; name = Base; path = Base.lproj/LaunchScreen.storyboard; sourceTree = "<group>"; };
		507EB5EE250563AB00C8F724 /* Info.plist */ = {isa = PBXFileReference; lastKnownFileType = text.plist.xml; path = Info.plist; sourceTree = "<group>"; };
		507EB5F3250563AB00C8F724 /* MemorizeTests.xctest */ = {isa = PBXFileReference; explicitFileType = wrapper.cfbundle; includeInIndex = 0; path = MemorizeTests.xctest; sourceTree = BUILT_PRODUCTS_DIR; };
		507EB5F7250563AB00C8F724 /* MemorizeTests.swift */ = {isa = PBXFileReference; lastKnownFileType = sourcecode.swift; path = MemorizeTests.swift; sourceTree = "<group>"; };
		507EB5F9250563AB00C8F724 /* Info.plist */ = {isa = PBXFileReference; lastKnownFileType = text.plist.xml; path = Info.plist; sourceTree = "<group>"; };
		507EB5FE250563AB00C8F724 /* MemorizeUITests.xctest */ = {isa = PBXFileReference; explicitFileType = wrapper.cfbundle; includeInIndex = 0; path = MemorizeUITests.xctest; sourceTree = BUILT_PRODUCTS_DIR; };
		507EB602250563AB00C8F724 /* MemorizeUITests.swift */ = {isa = PBXFileReference; lastKnownFileType = sourcecode.swift; path = MemorizeUITests.swift; sourceTree = "<group>"; };
		507EB604250563AB00C8F724 /* Info.plist */ = {isa = PBXFileReference; lastKnownFileType = text.plist.xml; path = Info.plist; sourceTree = "<group>"; };
/* End PBXFileReference section */

/* Begin PBXFrameworksBuildPhase section */
		507EB5DA250563A700C8F724 /* Frameworks */ = {
			isa = PBXFrameworksBuildPhase;
			buildActionMask = 2147483647;
			files = (
			);
			runOnlyForDeploymentPostprocessing = 0;
		};
		507EB5F0250563AB00C8F724 /* Frameworks */ = {
			isa = PBXFrameworksBuildPhase;
			buildActionMask = 2147483647;
			files = (
			);
			runOnlyForDeploymentPostprocessing = 0;
		};
		507EB5FB250563AB00C8F724 /* Frameworks */ = {
			isa = PBXFrameworksBuildPhase;
			buildActionMask = 2147483647;
			files = (
			);
			runOnlyForDeploymentPostprocessing = 0;
		};
/* End PBXFrameworksBuildPhase section */

/* Begin PBXGroup section */
		507EB5D4250563A700C8F724 = {
			isa = PBXGroup;
			children = (
				507EB5DF250563A700C8F724 /* Memorize */,
				507EB5F6250563AB00C8F724 /* MemorizeTests */,
				507EB601250563AB00C8F724 /* MemorizeUITests */,
				507EB5DE250563A700C8F724 /* Products */,
			);
			sourceTree = "<group>";
		};
		507EB5DE250563A700C8F724 /* Products */ = {
			isa = PBXGroup;
			children = (
				507EB5DD250563A700C8F724 /* Memorize.app */,
				507EB5F3250563AB00C8F724 /* MemorizeTests.xctest */,
				507EB5FE250563AB00C8F724 /* MemorizeUITests.xctest */,
			);
			name = Products;
			sourceTree = "<group>";
		};
		507EB5DF250563A700C8F724 /* Memorize */ = {
			isa = PBXGroup;
			children = (
				507EB5E0250563A700C8F724 /* AppDelegate.swift */,
				507EB5E2250563A700C8F724 /* SceneDelegate.swift */,
				507EB5E4250563A700C8F724 /* ContentView.swift */,
				507EB5E6250563AB00C8F724 /* Assets.xcassets */,
				507EB5EB250563AB00C8F724 /* LaunchScreen.storyboard */,
				507EB5EE250563AB00C8F724 /* Info.plist */,
				507EB5E8250563AB00C8F724 /* Preview Content */,
			);
			path = Memorize;
			sourceTree = "<group>";
		};
		507EB5E8250563AB00C8F724 /* Preview Content */ = {
			isa = PBXGroup;
			children = (
				507EB5E9250563AB00C8F724 /* Preview Assets.xcassets */,
			);
			path = "Preview Content";
			sourceTree = "<group>";
		};
		507EB5F6250563AB00C8F724 /* MemorizeTests */ = {
			isa = PBXGroup;
			children = (
				507EB5F7250563AB00C8F724 /* MemorizeTests.swift */,
				507EB5F9250563AB00C8F724 /* Info.plist */,
			);
			path = MemorizeTests;
			sourceTree = "<group>";
		};
		507EB601250563AB00C8F724 /* MemorizeUITests */ = {
			isa = PBXGroup;
			children = (
				507EB602250563AB00C8F724 /* MemorizeUITests.swift */,
				507EB604250563AB00C8F724 /* Info.plist */,
			);
			path = MemorizeUITests;
			sourceTree = "<group>";
		};
/* End PBXGroup section */

/* Begin PBXNativeTarget section */
		507EB5DC250563A700C8F724 /* Memorize */ = {
			isa = PBXNativeTarget;
			buildConfigurationList = 507EB607250563AB00C8F724 /* Build configuration list for PBXNativeTarget "Memorize" */;
			buildPhases = (
				507EB5D9250563A700C8F724 /* Sources */,
				507EB5DA250563A700C8F724 /* Frameworks */,
				507EB5DB250563A700C8F724 /* Resources */,
			);
			buildRules = (
			);
			dependencies = (
			);
			name = Memorize;
			productName = Memorize;
			productReference = 507EB5DD250563A700C8F724 /* Memorize.app */;
			productType = "com.apple.product-type.application";
		};
		507EB5F2250563AB00C8F724 /* MemorizeTests */ = {
			isa = PBXNativeTarget;
			buildConfigurationList = 507EB60A250563AB00C8F724 /* Build configuration list for PBXNativeTarget "MemorizeTests" */;
			buildPhases = (
				507EB5EF250563AB00C8F724 /* Sources */,
				507EB5F0250563AB00C8F724 /* Frameworks */,
				507EB5F1250563AB00C8F724 /* Resources */,
			);
			buildRules = (
			);
			dependencies = (
				507EB5F5250563AB00C8F724 /* PBXTargetDependency */,
			);
			name = MemorizeTests;
			productName = MemorizeTests;
			productReference = 507EB5F3250563AB00C8F724 /* MemorizeTests.xctest */;
			productType = "com.apple.product-type.bundle.unit-test";
		};
		507EB5FD250563AB00C8F724 /* MemorizeUITests */ = {
			isa = PBXNativeTarget;
			buildConfigurationList = 507EB60D250563AB00C8F724 /* Build configuration list for PBXNativeTarget "MemorizeUITests" */;
			buildPhases = (
				507EB5FA250563AB00C8F724 /* Sources */,
				507EB5FB250563AB00C8F724 /* Frameworks */,
				507EB5FC250563AB00C8F724 /* Resources */,
			);
			buildRules = (
			);
			dependencies = (
				507EB600250563AB00C8F724 /* PBXTargetDependency */,
			);
			name = MemorizeUITests;
			productName = MemorizeUITests;
			productReference = 507EB5FE250563AB00C8F724 /* MemorizeUITests.xctest */;
			productType = "com.apple.product-type.bundle.ui-testing";
		};
/* End PBXNativeTarget section */

/* Begin PBXProject section */
		507EB5D5250563A700C8F724 /* Project object */ = {
			isa = PBXProject;
			attributes = {
				LastSwiftUpdateCheck = 1110;
				LastUpgradeCheck = 1110;
				ORGANIZATIONNAME = "Richard Menning";
				TargetAttributes = {
					507EB5DC250563A700C8F724 = {
						CreatedOnToolsVersion = 11.1;
					};
					507EB5F2250563AB00C8F724 = {
						CreatedOnToolsVersion = 11.1;
						TestTargetID = 507EB5DC250563A700C8F724;
					};
					507EB5FD250563AB00C8F724 = {
						CreatedOnToolsVersion = 11.1;
						TestTargetID = 507EB5DC250563A700C8F724;
					};
				};
			};
			buildConfigurationList = 507EB5D8250563A700C8F724 /* Build configuration list for PBXProject "Memorize" */;
			compatibilityVersion = "Xcode 9.3";
			developmentRegion = en;
			hasScannedForEncodings = 0;
			knownRegions = (
				en,
				Base,
			);
			mainGroup = 507EB5D4250563A700C8F724;
			productRefGroup = 507EB5DE250563A700C8F724 /* Products */;
			projectDirPath = "";
			projectRoot = "";
			targets = (
				507EB5DC250563A700C8F724 /* Memorize */,
				507EB5F2250563AB00C8F724 /* MemorizeTests */,
				507EB5FD250563AB00C8F724 /* MemorizeUITests */,
			);
		};
/* End PBXProject section */

/* Begin PBXResourcesBuildPhase section */
		507EB5DB250563A700C8F724 /* Resources */ = {
			isa = PBXResourcesBuildPhase;
			buildActionMask = 2147483647;
			files = (
				507EB5ED250563AB00C8F724 /* LaunchScreen.storyboard in Resources */,
				507EB5EA250563AB00C8F724 /* Preview Assets.xcassets in Resources */,
				507EB5E7250563AB00C8F724 /* Assets.xcassets in Resources */,
			);
			runOnlyForDeploymentPostprocessing = 0;
		};
		507EB5F1250563AB00C8F724 /* Resources */ = {
			isa = PBXResourcesBuildPhase;
			buildActionMask = 2147483647;
			files = (
			);
			runOnlyForDeploymentPostprocessing = 0;
		};
		507EB5FC250563AB00C8F724 /* Resources */ = {
			isa = PBXResourcesBuildPhase;
			buildActionMask = 2147483647;
			files = (
			);
			runOnlyForDeploymentPostprocessing = 0;
		};
/* End PBXResourcesBuildPhase section */

/* Begin PBXSourcesBuildPhase section */
		507EB5D9250563A700C8F724 /* Sources */ = {
			isa = PBXSourcesBuildPhase;
			buildActionMask = 2147483647;
			files = (
				507EB5E1250563A700C8F724 /* AppDelegate.swift in Sources */,
				507EB5E3250563A700C8F724 /* SceneDelegate.swift in Sources */,
				507EB5E5250563A700C8F724 /* ContentView.swift in Sources */,
			);
			runOnlyForDeploymentPostprocessing = 0;
		};
		507EB5EF250563AB00C8F724 /* Sources */ = {
			isa = PBXSourcesBuildPhase;
			buildActionMask = 2147483647;
			files = (
				507EB5F8250563AB00C8F724 /* MemorizeTests.swift in Sources */,
			);
			runOnlyForDeploymentPostprocessing = 0;
		};
		507EB5FA250563AB00C8F724 /* Sources */ = {
			isa = PBXSourcesBuildPhase;
			buildActionMask = 2147483647;
			files = (
				507EB603250563AB00C8F724 /* MemorizeUITests.swift in Sources */,
			);
			runOnlyForDeploymentPostprocessing = 0;
		};
/* End PBXSourcesBuildPhase section */

/* Begin PBXTargetDependency section */
		507EB5F5250563AB00C8F724 /* PBXTargetDependency */ = {
			isa = PBXTargetDependency;
			target = 507EB5DC250563A700C8F724 /* Memorize */;
			targetProxy = 507EB5F4250563AB00C8F724 /* PBXContainerItemProxy */;
		};
		507EB600250563AB00C8F724 /* PBXTargetDependency */ = {
			isa = PBXTargetDependency;
			target = 507EB5DC250563A700C8F724 /* Memorize */;
			targetProxy = 507EB5FF250563AB00C8F724 /* PBXContainerItemProxy */;
		};
/* End PBXTargetDependency section */

/* Begin PBXVariantGroup section */
		507EB5EB250563AB00C8F724 /* LaunchScreen.storyboard */ = {
			isa = PBXVariantGroup;
			children = (
				507EB5EC250563AB00C8F724 /* Base */,
			);
			name = LaunchScreen.storyboard;
			sourceTree = "<group>";
		};
/* End PBXVariantGroup section */

/* Begin XCBuildConfiguration section */
		507EB605250563AB00C8F724 /* Debug */ = {
			isa = XCBuildConfiguration;
			buildSettings = {
				ALWAYS_SEARCH_USER_PATHS = NO;
				CLANG_ANALYZER_NONNULL = YES;
				CLANG_ANALYZER_NUMBER_OBJECT_CONVERSION = YES_AGGRESSIVE;
				CLANG_CXX_LANGUAGE_STANDARD = "gnu++14";
				CLANG_CXX_LIBRARY = "libc++";
				CLANG_ENABLE_MODULES = YES;
				CLANG_ENABLE_OBJC_ARC = YES;
				CLANG_ENABLE_OBJC_WEAK = YES;
				CLANG_WARN_BLOCK_CAPTURE_AUTORELEASING = YES;
				CLANG_WARN_BOOL_CONVERSION = YES;
				CLANG_WARN_COMMA = YES;
				CLANG_WARN_CONSTANT_CONVERSION = YES;
				CLANG_WARN_DEPRECATED_OBJC_IMPLEMENTATIONS = YES;
				CLANG_WARN_DIRECT_OBJC_ISA_USAGE = YES_ERROR;
				CLANG_WARN_DOCUMENTATION_COMMENTS = YES;
				CLANG_WARN_EMPTY_BODY = YES;
				CLANG_WARN_ENUM_CONVERSION = YES;
				CLANG_WARN_INFINITE_RECURSION = YES;
				CLANG_WARN_INT_CONVERSION = YES;
				CLANG_WARN_NON_LITERAL_NULL_CONVERSION = YES;
				CLANG_WARN_OBJC_IMPLICIT_RETAIN_SELF = YES;
				CLANG_WARN_OBJC_LITERAL_CONVERSION = YES;
				CLANG_WARN_OBJC_ROOT_CLASS = YES_ERROR;
				CLANG_WARN_RANGE_LOOP_ANALYSIS = YES;
				CLANG_WARN_STRICT_PROTOTYPES = YES;
				CLANG_WARN_SUSPICIOUS_MOVE = YES;
				CLANG_WARN_UNGUARDED_AVAILABILITY = YES_AGGRESSIVE;
				CLANG_WARN_UNREACHABLE_CODE = YES;
				CLANG_WARN__DUPLICATE_METHOD_MATCH = YES;
				COPY_PHASE_STRIP = NO;
				DEBUG_INFORMATION_FORMAT = dwarf;
				ENABLE_STRICT_OBJC_MSGSEND = YES;
				ENABLE_TESTABILITY = YES;
				GCC_C_LANGUAGE_STANDARD = gnu11;
				GCC_DYNAMIC_NO_PIC = NO;
				GCC_NO_COMMON_BLOCKS = YES;
				GCC_OPTIMIZATION_LEVEL = 0;
				GCC_PREPROCESSOR_DEFINITIONS = (
					"DEBUG=1",
					"$(inherited)",
				);
				GCC_WARN_64_TO_32_BIT_CONVERSION = YES;
				GCC_WARN_ABOUT_RETURN_TYPE = YES_ERROR;
				GCC_WARN_UNDECLARED_SELECTOR = YES;
				GCC_WARN_UNINITIALIZED_AUTOS = YES_AGGRESSIVE;
				GCC_WARN_UNUSED_FUNCTION = YES;
				GCC_WARN_UNUSED_VARIABLE = YES;
				IPHONEOS_DEPLOYMENT_TARGET = 13.1;
				MTL_ENABLE_DEBUG_INFO = INCLUDE_SOURCE;
				MTL_FAST_MATH = YES;
				ONLY_ACTIVE_ARCH = YES;
				SDKROOT = iphoneos;
				SWIFT_ACTIVE_COMPILATION_CONDITIONS = DEBUG;
				SWIFT_OPTIMIZATION_LEVEL = "-Onone";
			};
			name = Debug;
		};
		507EB606250563AB00C8F724 /* Release */ = {
			isa = XCBuildConfiguration;
			buildSettings = {
				ALWAYS_SEARCH_USER_PATHS = NO;
				CLANG_ANALYZER_NONNULL = YES;
				CLANG_ANALYZER_NUMBER_OBJECT_CONVERSION = YES_AGGRESSIVE;
				CLANG_CXX_LANGUAGE_STANDARD = "gnu++14";
				CLANG_CXX_LIBRARY = "libc++";
				CLANG_ENABLE_MODULES = YES;
				CLANG_ENABLE_OBJC_ARC = YES;
				CLANG_ENABLE_OBJC_WEAK = YES;
				CLANG_WARN_BLOCK_CAPTURE_AUTORELEASING = YES;
				CLANG_WARN_BOOL_CONVERSION = YES;
				CLANG_WARN_COMMA = YES;
				CLANG_WARN_CONSTANT_CONVERSION = YES;
				CLANG_WARN_DEPRECATED_OBJC_IMPLEMENTATIONS = YES;
				CLANG_WARN_DIRECT_OBJC_ISA_USAGE = YES_ERROR;
				CLANG_WARN_DOCUMENTATION_COMMENTS = YES;
				CLANG_WARN_EMPTY_BODY = YES;
				CLANG_WARN_ENUM_CONVERSION = YES;
				CLANG_WARN_INFINITE_RECURSION = YES;
				CLANG_WARN_INT_CONVERSION = YES;
				CLANG_WARN_NON_LITERAL_NULL_CONVERSION = YES;
				CLANG_WARN_OBJC_IMPLICIT_RETAIN_SELF = YES;
				CLANG_WARN_OBJC_LITERAL_CONVERSION = YES;
				CLANG_WARN_OBJC_ROOT_CLASS = YES_ERROR;
				CLANG_WARN_RANGE_LOOP_ANALYSIS = YES;
				CLANG_WARN_STRICT_PROTOTYPES = YES;
				CLANG_WARN_SUSPICIOUS_MOVE = YES;
				CLANG_WARN_UNGUARDED_AVAILABILITY = YES_AGGRESSIVE;
				CLANG_WARN_UNREACHABLE_CODE = YES;
				CLANG_WARN__DUPLICATE_METHOD_MATCH = YES;
				COPY_PHASE_STRIP = NO;
				DEBUG_INFORMATION_FORMAT = "dwarf-with-dsym";
				ENABLE_NS_ASSERTIONS = NO;
				ENABLE_STRICT_OBJC_MSGSEND = YES;
				GCC_C_LANGUAGE_STANDARD = gnu11;
				GCC_NO_COMMON_BLOCKS = YES;
				GCC_WARN_64_TO_32_BIT_CONVERSION = YES;
				GCC_WARN_ABOUT_RETURN_TYPE = YES_ERROR;
				GCC_WARN_UNDECLARED_SELECTOR = YES;
				GCC_WARN_UNINITIALIZED_AUTOS = YES_AGGRESSIVE;
				GCC_WARN_UNUSED_FUNCTION = YES;
				GCC_WARN_UNUSED_VARIABLE = YES;
				IPHONEOS_DEPLOYMENT_TARGET = 13.1;
				MTL_ENABLE_DEBUG_INFO = NO;
				MTL_FAST_MATH = YES;
				SDKROOT = iphoneos;
				SWIFT_COMPILATION_MODE = wholemodule;
				SWIFT_OPTIMIZATION_LEVEL = "-O";
				VALIDATE_PRODUCT = YES;
			};
			name = Release;
		};
		507EB608250563AB00C8F724 /* Debug */ = {
			isa = XCBuildConfiguration;
			buildSettings = {
				ASSETCATALOG_COMPILER_APPICON_NAME = AppIcon;
				CODE_SIGN_STYLE = Automatic;
				DEVELOPMENT_ASSET_PATHS = "\"Memorize/Preview Content\"";
				DEVELOPMENT_TEAM = 4RDHPV2U23;
				ENABLE_PREVIEWS = YES;
				INFOPLIST_FILE = Memorize/Info.plist;
				LD_RUNPATH_SEARCH_PATHS = (
					"$(inherited)",
					"@executable_path/Frameworks",
				);
				PRODUCT_BUNDLE_IDENTIFIER = test.Memorize;
				PRODUCT_NAME = "$(TARGET_NAME)";
				SWIFT_VERSION = 5.0;
				TARGETED_DEVICE_FAMILY = "1,2";
			};
			name = Debug;
		};
		507EB609250563AB00C8F724 /* Release */ = {
			isa = XCBuildConfiguration;
			buildSettings = {
				ASSETCATALOG_COMPILER_APPICON_NAME = AppIcon;
				CODE_SIGN_STYLE = Automatic;
				DEVELOPMENT_ASSET_PATHS = "\"Memorize/Preview Content\"";
				DEVELOPMENT_TEAM = 4RDHPV2U23;
				ENABLE_PREVIEWS = YES;
				INFOPLIST_FILE = Memorize/Info.plist;
				LD_RUNPATH_SEARCH_PATHS = (
					"$(inherited)",
					"@executable_path/Frameworks",
				);
				PRODUCT_BUNDLE_IDENTIFIER = test.Memorize;
				PRODUCT_NAME = "$(TARGET_NAME)";
				SWIFT_VERSION = 5.0;
				TARGETED_DEVICE_FAMILY = "1,2";
			};
			name = Release;
		};
		507EB60B250563AB00C8F724 /* Debug */ = {
			isa = XCBuildConfiguration;
			buildSettings = {
				ALWAYS_EMBED_SWIFT_STANDARD_LIBRARIES = YES;
				BUNDLE_LOADER = "$(TEST_HOST)";
				CODE_SIGN_STYLE = Automatic;
				DEVELOPMENT_TEAM = 4RDHPV2U23;
				INFOPLIST_FILE = MemorizeTests/Info.plist;
				IPHONEOS_DEPLOYMENT_TARGET = 13.1;
				LD_RUNPATH_SEARCH_PATHS = (
					"$(inherited)",
					"@executable_path/Frameworks",
					"@loader_path/Frameworks",
				);
				PRODUCT_BUNDLE_IDENTIFIER = test.MemorizeTests;
				PRODUCT_NAME = "$(TARGET_NAME)";
				SWIFT_VERSION = 5.0;
				TARGETED_DEVICE_FAMILY = "1,2";
				TEST_HOST = "$(BUILT_PRODUCTS_DIR)/Memorize.app/Memorize";
			};
			name = Debug;
		};
		507EB60C250563AB00C8F724 /* Release */ = {
			isa = XCBuildConfiguration;
			buildSettings = {
				ALWAYS_EMBED_SWIFT_STANDARD_LIBRARIES = YES;
				BUNDLE_LOADER = "$(TEST_HOST)";
				CODE_SIGN_STYLE = Automatic;
				DEVELOPMENT_TEAM = 4RDHPV2U23;
				INFOPLIST_FILE = MemorizeTests/Info.plist;
				IPHONEOS_DEPLOYMENT_TARGET = 13.1;
				LD_RUNPATH_SEARCH_PATHS = (
					"$(inherited)",
					"@executable_path/Frameworks",
					"@loader_path/Frameworks",
				);
				PRODUCT_BUNDLE_IDENTIFIER = test.MemorizeTests;
				PRODUCT_NAME = "$(TARGET_NAME)";
				SWIFT_VERSION = 5.0;
				TARGETED_DEVICE_FAMILY = "1,2";
				TEST_HOST = "$(BUILT_PRODUCTS_DIR)/Memorize.app/Memorize";
			};
			name = Release;
		};
		507EB60E250563AB00C8F724 /* Debug */ = {
			isa = XCBuildConfiguration;
			buildSettings = {
				ALWAYS_EMBED_SWIFT_STANDARD_LIBRARIES = YES;
				CODE_SIGN_STYLE = Automatic;
				DEVELOPMENT_TEAM = 4RDHPV2U23;
				INFOPLIST_FILE = MemorizeUITests/Info.plist;
				LD_RUNPATH_SEARCH_PATHS = (
					"$(inherited)",
					"@executable_path/Frameworks",
					"@loader_path/Frameworks",
				);
				PRODUCT_BUNDLE_IDENTIFIER = test.MemorizeUITests;
				PRODUCT_NAME = "$(TARGET_NAME)";
				SWIFT_VERSION = 5.0;
				TARGETED_DEVICE_FAMILY = "1,2";
				TEST_TARGET_NAME = Memorize;
			};
			name = Debug;
		};
		507EB60F250563AB00C8F724 /* Release */ = {
			isa = XCBuildConfiguration;
			buildSettings = {
				ALWAYS_EMBED_SWIFT_STANDARD_LIBRARIES = YES;
				CODE_SIGN_STYLE = Automatic;
				DEVELOPMENT_TEAM = 4RDHPV2U23;
				INFOPLIST_FILE = MemorizeUITests/Info.plist;
				LD_RUNPATH_SEARCH_PATHS = (
					"$(inherited)",
					"@executable_path/Frameworks",
					"@loader_path/Frameworks",
				);
				PRODUCT_BUNDLE_IDENTIFIER = test.MemorizeUITests;
				PRODUCT_NAME = "$(TARGET_NAME)";
				SWIFT_VERSION = 5.0;
				TARGETED_DEVICE_FAMILY = "1,2";
				TEST_TARGET_NAME = Memorize;
			};
			name = Release;
		};
/* End XCBuildConfiguration section */

/* Begin XCConfigurationList section */
		507EB5D8250563A700C8F724 /* Build configuration list for PBXProject "Memorize" */ = {
			isa = XCConfigurationList;
			buildConfigurations = (
				507EB605250563AB00C8F724 /* Debug */,
				507EB606250563AB00C8F724 /* Release */,
			);
			defaultConfigurationIsVisible = 0;
			defaultConfigurationName = Release;
		};
		507EB607250563AB00C8F724 /* Build configuration list for PBXNativeTarget "Memorize" */ = {
			isa = XCConfigurationList;
			buildConfigurations = (
				507EB608250563AB00C8F724 /* Debug */,
				507EB609250563AB00C8F724 /* Release */,
			);
			defaultConfigurationIsVisible = 0;
			defaultConfigurationName = Release;
		};
		507EB60A250563AB00C8F724 /* Build configuration list for PBXNativeTarget "MemorizeTests" */ = {
			isa = XCConfigurationList;
			buildConfigurations = (
				507EB60B250563AB00C8F724 /* Debug */,
				507EB60C250563AB00C8F724 /* Release */,
			);
			defaultConfigurationIsVisible = 0;
			defaultConfigurationName = Release;
		};
		507EB60D250563AB00C8F724 /* Build configuration list for PBXNativeTarget "MemorizeUITests" */ = {
			isa = XCConfigurationList;
			buildConfigurations = (
				507EB60E250563AB00C8F724 /* Debug */,
				507EB60F250563AB00C8F724 /* Release */,
			);
			defaultConfigurationIsVisible = 0;
			defaultConfigurationName = Release;
		};
/* End XCConfigurationList section */
	};
	rootObject = 507EB5D5250563A700C8F724 /* Project object */;
}
